
Microsoft Visual Studio Solution File, Format Version 12.00
# Visual Studio 15
VisualStudioVersion = 15.0.27428.2027
MinimumVisualStudioVersion = 10.0.40219.1
Project("{FAE04EC0-301F-11D3-BF4B-00C04F79EFBC}") = "ThreeTrees.Metrics.UnitTests", "ThreeTrees.Metrics.UnitTests\ThreeTrees.Metrics.UnitTests.csproj", "{D231FD2E-CFE9-49CA-82A7-43C92012DE0B}"
EndProject
Project("{FAE04EC0-301F-11D3-BF4B-00C04F79EFBC}") = "ThreeTrees.Metrics.IntegrationTests", "ThreeTrees.Metrics.IntegrationTests\ThreeTrees.Metrics.IntegrationTests.csproj", "{A2593D95-14A0-427E-A9FF-5E44F60EE515}"
EndProject
Global
	GlobalSection(SolutionConfigurationPlatforms) = preSolution
		Debug|Any CPU = Debug|Any CPU
		Release|Any CPU = Release|Any CPU
	EndGlobalSection
	GlobalSection(ProjectConfigurationPlatforms) = postSolution
		{D231FD2E-CFE9-49CA-82A7-43C92012DE0B}.Debug|Any CPU.ActiveCfg = Debug|Any CPU
		{D231FD2E-CFE9-49CA-82A7-43C92012DE0B}.Debug|Any CPU.Build.0 = Debug|Any CPU
		{D231FD2E-CFE9-49CA-82A7-43C92012DE0B}.Release|Any CPU.ActiveCfg = Release|Any CPU
		{D231FD2E-CFE9-49CA-82A7-43C92012DE0B}.Release|Any CPU.Build.0 = Release|Any CPU
		{A2593D95-14A0-427E-A9FF-5E44F60EE515}.Debug|Any CPU.ActiveCfg = Debug|Any CPU
		{A2593D95-14A0-427E-A9FF-5E44F60EE515}.Debug|Any CPU.Build.0 = Debug|Any CPU
		{A2593D95-14A0-427E-A9FF-5E44F60EE515}.Release|Any CPU.ActiveCfg = Release|Any CPU
		{A2593D95-14A0-427E-A9FF-5E44F60EE515}.Release|Any CPU.Build.0 = Release|Any CPU
	EndGlobalSection
	GlobalSection(SolutionProperties) = preSolution
		HideSolutionNode = FALSE
	EndGlobalSection
	GlobalSection(ExtensibilityGlobals) = postSolution
		SolutionGuid = {2B72FFBD-D81A-4F41-8619-F691188344E6}
	EndGlobalSection
EndGlobal
